// !$*UTF8*$!
{
	archiveVersion = 1;
	classes = {
	};
	objectVersion = 56;
	objects = {

/* Begin PBXBuildFile section */
		D5AD5A3E2C1476700021C270 /* AppDelegate.swift in Sources */ = {isa = PBXBuildFile; fileRef = D5AD5A3D2C1476700021C270 /* AppDelegate.swift */; };
		D5AD5A452C1476710021C270 /* Base in Resources */ = {isa = PBXBuildFile; fileRef = D5AD5A442C1476710021C270 /* Base */; };
		D5AD5A472C1476740021C270 /* Assets.xcassets in Resources */ = {isa = PBXBuildFile; fileRef = D5AD5A462C1476740021C270 /* Assets.xcassets */; };
		D5AD5A4A2C1476740021C270 /* Base in Resources */ = {isa = PBXBuildFile; fileRef = D5AD5A492C1476740021C270 /* Base */; };
		D5AD5A582C1476A60021C270 /* MarvelDataPresenter.swift in Sources */ = {isa = PBXBuildFile; fileRef = D5AD5A522C1476A60021C270 /* MarvelDataPresenter.swift */; };
		D5AD5A592C1476A60021C270 /* MarvelDataWorker.swift in Sources */ = {isa = PBXBuildFile; fileRef = D5AD5A532C1476A60021C270 /* MarvelDataWorker.swift */; };
		D5AD5A5A2C1476A70021C270 /* MarvelDataRouter.swift in Sources */ = {isa = PBXBuildFile; fileRef = D5AD5A542C1476A60021C270 /* MarvelDataRouter.swift */; };
		D5AD5A5B2C1476A70021C270 /* MarvelDataModels.swift in Sources */ = {isa = PBXBuildFile; fileRef = D5AD5A552C1476A60021C270 /* MarvelDataModels.swift */; };
		D5AD5A5C2C1476A70021C270 /* MarvelDataViewController.swift in Sources */ = {isa = PBXBuildFile; fileRef = D5AD5A562C1476A60021C270 /* MarvelDataViewController.swift */; };
		D5AD5A5D2C1476A70021C270 /* MarvelDataInteractor.swift in Sources */ = {isa = PBXBuildFile; fileRef = D5AD5A572C1476A60021C270 /* MarvelDataInteractor.swift */; };
/* End PBXBuildFile section */

/* Begin PBXFileReference section */
		D5AD5A3A2C1476700021C270 /* Marvel.app */ = {isa = PBXFileReference; explicitFileType = wrapper.application; includeInIndex = 0; path = Marvel.app; sourceTree = BUILT_PRODUCTS_DIR; };
		D5AD5A3D2C1476700021C270 /* AppDelegate.swift */ = {isa = PBXFileReference; lastKnownFileType = sourcecode.swift; path = AppDelegate.swift; sourceTree = "<group>"; };
		D5AD5A442C1476710021C270 /* Base */ = {isa = PBXFileReference; lastKnownFileType = file.storyboard; name = Base; path = Base.lproj/Main.storyboard; sourceTree = "<group>"; };
		D5AD5A462C1476740021C270 /* Assets.xcassets */ = {isa = PBXFileReference; lastKnownFileType = folder.assetcatalog; path = Assets.xcassets; sourceTree = "<group>"; };
		D5AD5A492C1476740021C270 /* Base */ = {isa = PBXFileReference; lastKnownFileType = file.storyboard; name = Base; path = Base.lproj/LaunchScreen.storyboard; sourceTree = "<group>"; };
		D5AD5A4B2C1476740021C270 /* Info.plist */ = {isa = PBXFileReference; lastKnownFileType = text.plist.xml; path = Info.plist; sourceTree = "<group>"; };
		D5AD5A522C1476A60021C270 /* MarvelDataPresenter.swift */ = {isa = PBXFileReference; lastKnownFileType = sourcecode.swift; path = MarvelDataPresenter.swift; sourceTree = "<group>"; };
		D5AD5A532C1476A60021C270 /* MarvelDataWorker.swift */ = {isa = PBXFileReference; lastKnownFileType = sourcecode.swift; path = MarvelDataWorker.swift; sourceTree = "<group>"; };
		D5AD5A542C1476A60021C270 /* MarvelDataRouter.swift */ = {isa = PBXFileReference; lastKnownFileType = sourcecode.swift; path = MarvelDataRouter.swift; sourceTree = "<group>"; };
		D5AD5A552C1476A60021C270 /* MarvelDataModels.swift */ = {isa = PBXFileReference; lastKnownFileType = sourcecode.swift; path = MarvelDataModels.swift; sourceTree = "<group>"; };
		D5AD5A562C1476A60021C270 /* MarvelDataViewController.swift */ = {isa = PBXFileReference; lastKnownFileType = sourcecode.swift; path = MarvelDataViewController.swift; sourceTree = "<group>"; };
		D5AD5A572C1476A60021C270 /* MarvelDataInteractor.swift */ = {isa = PBXFileReference; lastKnownFileType = sourcecode.swift; path = MarvelDataInteractor.swift; sourceTree = "<group>"; };
/* End PBXFileReference section */

/* Begin PBXFrameworksBuildPhase section */
		D5AD5A372C1476700021C270 /* Frameworks */ = {
			isa = PBXFrameworksBuildPhase;
			buildActionMask = 2147483647;
			files = (
			);
			runOnlyForDeploymentPostprocessing = 0;
		};
/* End PBXFrameworksBuildPhase section */

/* Begin PBXGroup section */
		D5AD5A312C1476700021C270 = {
			isa = PBXGroup;
			children = (
				D5AD5A512C1476900021C270 /* Scenes */,
				D5AD5A3C2C1476700021C270 /* Marvel */,
				D5AD5A3B2C1476700021C270 /* Products */,
			);
			sourceTree = "<group>";
		};
		D5AD5A3B2C1476700021C270 /* Products */ = {
			isa = PBXGroup;
			children = (
				D5AD5A3A2C1476700021C270 /* Marvel.app */,
			);
			name = Products;
			sourceTree = "<group>";
		};
		D5AD5A3C2C1476700021C270 /* Marvel */ = {
			isa = PBXGroup;
			children = (
				D5AD5A3D2C1476700021C270 /* AppDelegate.swift */,
				D5AD5A432C1476710021C270 /* Main.storyboard */,
				D5AD5A462C1476740021C270 /* Assets.xcassets */,
				D5AD5A482C1476740021C270 /* LaunchScreen.storyboard */,
				D5AD5A4B2C1476740021C270 /* Info.plist */,
			);
			path = Marvel;
			sourceTree = "<group>";
		};
		D5AD5A512C1476900021C270 /* Scenes */ = {
			isa = PBXGroup;
			children = (
				D5AD5A522C1476A60021C270 /* MarvelDataPresenter.swift */,
				D5AD5A532C1476A60021C270 /* MarvelDataWorker.swift */,
				D5AD5A542C1476A60021C270 /* MarvelDataRouter.swift */,
				D5AD5A552C1476A60021C270 /* MarvelDataModels.swift */,
				D5AD5A562C1476A60021C270 /* MarvelDataViewController.swift */,
				D5AD5A572C1476A60021C270 /* MarvelDataInteractor.swift */,
			);
			path = Scenes;
			sourceTree = "<group>";
		};
/* End PBXGroup section */

/* Begin PBXNativeTarget section */
		D5AD5A392C1476700021C270 /* Marvel */ = {
			isa = PBXNativeTarget;
			buildConfigurationList = D5AD5A4E2C1476740021C270 /* Build configuration list for PBXNativeTarget "Marvel" */;
			buildPhases = (
				D5AD5A362C1476700021C270 /* Sources */,
				D5AD5A372C1476700021C270 /* Frameworks */,
				D5AD5A382C1476700021C270 /* Resources */,
			);
			buildRules = (
			);
			dependencies = (
			);
			name = Marvel;
			productName = Marvel;
			productReference = D5AD5A3A2C1476700021C270 /* Marvel.app */;
			productType = "com.apple.product-type.application";
		};
/* End PBXNativeTarget section */

/* Begin PBXProject section */
		D5AD5A322C1476700021C270 /* Project object */ = {
			isa = PBXProject;
			attributes = {
				BuildIndependentTargetsInParallel = 1;
				LastSwiftUpdateCheck = 1530;
				LastUpgradeCheck = 1530;
				TargetAttributes = {
					D5AD5A392C1476700021C270 = {
						CreatedOnToolsVersion = 15.3;
					};
				};
			};
			buildConfigurationList = D5AD5A352C1476700021C270 /* Build configuration list for PBXProject "Marvel" */;
			compatibilityVersion = "Xcode 14.0";
			developmentRegion = en;
			hasScannedForEncodings = 0;
			knownRegions = (
				en,
				Base,
			);
			mainGroup = D5AD5A312C1476700021C270;
			productRefGroup = D5AD5A3B2C1476700021C270 /* Products */;
			projectDirPath = "";
			projectRoot = "";
			targets = (
				D5AD5A392C1476700021C270 /* Marvel */,
			);
		};
/* End PBXProject section */

/* Begin PBXResourcesBuildPhase section */
		D5AD5A382C1476700021C270 /* Resources */ = {
			isa = PBXResourcesBuildPhase;
			buildActionMask = 2147483647;
			files = (
				D5AD5A472C1476740021C270 /* Assets.xcassets in Resources */,
				D5AD5A4A2C1476740021C270 /* Base in Resources */,
				D5AD5A452C1476710021C270 /* Base in Resources */,
			);
			runOnlyForDeploymentPostprocessing = 0;
		};
/* End PBXResourcesBuildPhase section */

/* Begin PBXSourcesBuildPhase section */
		D5AD5A362C1476700021C270 /* Sources */ = {
			isa = PBXSourcesBuildPhase;
			buildActionMask = 2147483647;
			files = (
				D5AD5A582C1476A60021C270 /* MarvelDataPresenter.swift in Sources */,
				D5AD5A592C1476A60021C270 /* MarvelDataWorker.swift in Sources */,
				D5AD5A5A2C1476A70021C270 /* MarvelDataRouter.swift in Sources */,
				D5AD5A5B2C1476A70021C270 /* MarvelDataModels.swift in Sources */,
				D5AD5A5C2C1476A70021C270 /* MarvelDataViewController.swift in Sources */,
				D5AD5A5D2C1476A70021C270 /* MarvelDataInteractor.swift in Sources */,
				D5AD5A3E2C1476700021C270 /* AppDelegate.swift in Sources */,
			);
			runOnlyForDeploymentPostprocessing = 0;
		};
/* End PBXSourcesBuildPhase section */

/* Begin PBXVariantGroup section */
		D5AD5A432C1476710021C270 /* Main.storyboard */ = {
			isa = PBXVariantGroup;
			children = (
				D5AD5A442C1476710021C270 /* Base */,
			);
			name = Main.storyboard;
			sourceTree = "<group>";
		};
		D5AD5A482C1476740021C270 /* LaunchScreen.storyboard */ = {
			isa = PBXVariantGroup;
			children = (
				D5AD5A492C1476740021C270 /* Base */,
			);
			name = LaunchScreen.storyboard;
			sourceTree = "<group>";
		};
/* End PBXVariantGroup section */

/* Begin XCBuildConfiguration section */
		D5AD5A4C2C1476740021C270 /* Debug */ = {
			isa = XCBuildConfiguration;
			buildSettings = {
				ALWAYS_SEARCH_USER_PATHS = NO;
				ASSETCATALOG_COMPILER_GENERATE_SWIFT_ASSET_SYMBOL_EXTENSIONS = YES;
				CLANG_ANALYZER_NONNULL = YES;
				CLANG_ANALYZER_NUMBER_OBJECT_CONVERSION = YES_AGGRESSIVE;
				CLANG_CXX_LANGUAGE_STANDARD = "gnu++20";
				CLANG_ENABLE_MODULES = YES;
				CLANG_ENABLE_OBJC_ARC = YES;
				CLANG_ENABLE_OBJC_WEAK = YES;
				CLANG_WARN_BLOCK_CAPTURE_AUTORELEASING = YES;
				CLANG_WARN_BOOL_CONVERSION = YES;
				CLANG_WARN_COMMA = YES;
				CLANG_WARN_CONSTANT_CONVERSION = YES;
				CLANG_WARN_DEPRECATED_OBJC_IMPLEMENTATIONS = YES;
				CLANG_WARN_DIRECT_OBJC_ISA_USAGE = YES_ERROR;
				CLANG_WARN_DOCUMENTATION_COMMENTS = YES;
				CLANG_WARN_EMPTY_BODY = YES;
				CLANG_WARN_ENUM_CONVERSION = YES;
				CLANG_WARN_INFINITE_RECURSION = YES;
				CLANG_WARN_INT_CONVERSION = YES;
				CLANG_WARN_NON_LITERAL_NULL_CONVERSION = YES;
				CLANG_WARN_OBJC_IMPLICIT_RETAIN_SELF = YES;
				CLANG_WARN_OBJC_LITERAL_CONVERSION = YES;
				CLANG_WARN_OBJC_ROOT_CLASS = YES_ERROR;
				CLANG_WARN_QUOTED_INCLUDE_IN_FRAMEWORK_HEADER = YES;
				CLANG_WARN_RANGE_LOOP_ANALYSIS = YES;
				CLANG_WARN_STRICT_PROTOTYPES = YES;
				CLANG_WARN_SUSPICIOUS_MOVE = YES;
				CLANG_WARN_UNGUARDED_AVAILABILITY = YES_AGGRESSIVE;
				CLANG_WARN_UNREACHABLE_CODE = YES;
				CLANG_WARN__DUPLICATE_METHOD_MATCH = YES;
				COPY_PHASE_STRIP = NO;
				DEBUG_INFORMATION_FORMAT = dwarf;
				ENABLE_STRICT_OBJC_MSGSEND = YES;
				ENABLE_TESTABILITY = YES;
				ENABLE_USER_SCRIPT_SANDBOXING = YES;
				GCC_C_LANGUAGE_STANDARD = gnu17;
				GCC_DYNAMIC_NO_PIC = NO;
				GCC_NO_COMMON_BLOCKS = YES;
				GCC_OPTIMIZATION_LEVEL = 0;
				GCC_PREPROCESSOR_DEFINITIONS = (
					"DEBUG=1",
					"$(inherited)",
				);
				GCC_WARN_64_TO_32_BIT_CONVERSION = YES;
				GCC_WARN_ABOUT_RETURN_TYPE = YES_ERROR;
				GCC_WARN_UNDECLARED_SELECTOR = YES;
				GCC_WARN_UNINITIALIZED_AUTOS = YES_AGGRESSIVE;
				GCC_WARN_UNUSED_FUNCTION = YES;
				GCC_WARN_UNUSED_VARIABLE = YES;
				IPHONEOS_DEPLOYMENT_TARGET = 17.4;
				LOCALIZATION_PREFERS_STRING_CATALOGS = YES;
				MTL_ENABLE_DEBUG_INFO = INCLUDE_SOURCE;
				MTL_FAST_MATH = YES;
				ONLY_ACTIVE_ARCH = YES;
				SDKROOT = iphoneos;
				SWIFT_ACTIVE_COMPILATION_CONDITIONS = "DEBUG $(inherited)";
				SWIFT_OPTIMIZATION_LEVEL = "-Onone";
			};
			name = Debug;
		};
		D5AD5A4D2C1476740021C270 /* Release */ = {
			isa = XCBuildConfiguration;
			buildSettings = {
				ALWAYS_SEARCH_USER_PATHS = NO;
				ASSETCATALOG_COMPILER_GENERATE_SWIFT_ASSET_SYMBOL_EXTENSIONS = YES;
				CLANG_ANALYZER_NONNULL = YES;
				CLANG_ANALYZER_NUMBER_OBJECT_CONVERSION = YES_AGGRESSIVE;
				CLANG_CXX_LANGUAGE_STANDARD = "gnu++20";
				CLANG_ENABLE_MODULES = YES;
				CLANG_ENABLE_OBJC_ARC = YES;
				CLANG_ENABLE_OBJC_WEAK = YES;
				CLANG_WARN_BLOCK_CAPTURE_AUTORELEASING = YES;
				CLANG_WARN_BOOL_CONVERSION = YES;
				CLANG_WARN_COMMA = YES;
				CLANG_WARN_CONSTANT_CONVERSION = YES;
				CLANG_WARN_DEPRECATED_OBJC_IMPLEMENTATIONS = YES;
				CLANG_WARN_DIRECT_OBJC_ISA_USAGE = YES_ERROR;
				CLANG_WARN_DOCUMENTATION_COMMENTS = YES;
				CLANG_WARN_EMPTY_BODY = YES;
				CLANG_WARN_ENUM_CONVERSION = YES;
				CLANG_WARN_INFINITE_RECURSION = YES;
				CLANG_WARN_INT_CONVERSION = YES;
				CLANG_WARN_NON_LITERAL_NULL_CONVERSION = YES;
				CLANG_WARN_OBJC_IMPLICIT_RETAIN_SELF = YES;
				CLANG_WARN_OBJC_LITERAL_CONVERSION = YES;
				CLANG_WARN_OBJC_ROOT_CLASS = YES_ERROR;
				CLANG_WARN_QUOTED_INCLUDE_IN_FRAMEWORK_HEADER = YES;
				CLANG_WARN_RANGE_LOOP_ANALYSIS = YES;
				CLANG_WARN_STRICT_PROTOTYPES = YES;
				CLANG_WARN_SUSPICIOUS_MOVE = YES;
				CLANG_WARN_UNGUARDED_AVAILABILITY = YES_AGGRESSIVE;
				CLANG_WARN_UNREACHABLE_CODE = YES;
				CLANG_WARN__DUPLICATE_METHOD_MATCH = YES;
				COPY_PHASE_STRIP = NO;
				DEBUG_INFORMATION_FORMAT = "dwarf-with-dsym";
				ENABLE_NS_ASSERTIONS = NO;
				ENABLE_STRICT_OBJC_MSGSEND = YES;
				ENABLE_USER_SCRIPT_SANDBOXING = YES;
				GCC_C_LANGUAGE_STANDARD = gnu17;
				GCC_NO_COMMON_BLOCKS = YES;
				GCC_WARN_64_TO_32_BIT_CONVERSION = YES;
				GCC_WARN_ABOUT_RETURN_TYPE = YES_ERROR;
				GCC_WARN_UNDECLARED_SELECTOR = YES;
				GCC_WARN_UNINITIALIZED_AUTOS = YES_AGGRESSIVE;
				GCC_WARN_UNUSED_FUNCTION = YES;
				GCC_WARN_UNUSED_VARIABLE = YES;
				IPHONEOS_DEPLOYMENT_TARGET = 17.4;
				LOCALIZATION_PREFERS_STRING_CATALOGS = YES;
				MTL_ENABLE_DEBUG_INFO = NO;
				MTL_FAST_MATH = YES;
				SDKROOT = iphoneos;
				SWIFT_COMPILATION_MODE = wholemodule;
				VALIDATE_PRODUCT = YES;
			};
			name = Release;
		};
		D5AD5A4F2C1476740021C270 /* Debug */ = {
			isa = XCBuildConfiguration;
			buildSettings = {
				ASSETCATALOG_COMPILER_APPICON_NAME = AppIcon;
				ASSETCATALOG_COMPILER_GLOBAL_ACCENT_COLOR_NAME = AccentColor;
				CODE_SIGN_STYLE = Automatic;
				CURRENT_PROJECT_VERSION = 1;
				DEVELOPMENT_TEAM = QX5F3DKS6H;
				GENERATE_INFOPLIST_FILE = YES;
				INFOPLIST_FILE = Marvel/Info.plist;
				INFOPLIST_KEY_UIApplicationSupportsIndirectInputEvents = YES;
				INFOPLIST_KEY_UILaunchStoryboardName = LaunchScreen;
				INFOPLIST_KEY_UIMainStoryboardFile = Main;
				INFOPLIST_KEY_UISupportedInterfaceOrientations_iPad = "UIInterfaceOrientationPortrait UIInterfaceOrientationPortraitUpsideDown UIInterfaceOrientationLandscapeLeft UIInterfaceOrientationLandscapeRight";
				INFOPLIST_KEY_UISupportedInterfaceOrientations_iPhone = "UIInterfaceOrientationPortrait UIInterfaceOrientationLandscapeLeft UIInterfaceOrientationLandscapeRight";
				LD_RUNPATH_SEARCH_PATHS = (
					"$(inherited)",
					"@executable_path/Frameworks",
				);
				MARKETING_VERSION = 1.0;
				PRODUCT_BUNDLE_IDENTIFIER = app.Marvel;
				PRODUCT_NAME = "$(TARGET_NAME)";
				SWIFT_EMIT_LOC_STRINGS = YES;
				SWIFT_VERSION = 5.0;
				TARGETED_DEVICE_FAMILY = "1,2";
			};
			name = Debug;
		};
		D5AD5A502C1476740021C270 /* Release */ = {
			isa = XCBuildConfiguration;
			buildSettings = {
				ASSETCATALOG_COMPILER_APPICON_NAME = AppIcon;
				ASSETCATALOG_COMPILER_GLOBAL_ACCENT_COLOR_NAME = AccentColor;
				CODE_SIGN_STYLE = Automatic;
				CURRENT_PROJECT_VERSION = 1;
				DEVELOPMENT_TEAM = QX5F3DKS6H;
				GENERATE_INFOPLIST_FILE = YES;
				INFOPLIST_FILE = Marvel/Info.plist;
				INFOPLIST_KEY_UIApplicationSupportsIndirectInputEvents = YES;
				INFOPLIST_KEY_UILaunchStoryboardName = LaunchScreen;
				INFOPLIST_KEY_UIMainStoryboardFile = Main;
				INFOPLIST_KEY_UISupportedInterfaceOrientations_iPad = "UIInterfaceOrientationPortrait UIInterfaceOrientationPortraitUpsideDown UIInterfaceOrientationLandscapeLeft UIInterfaceOrientationLandscapeRight";
				INFOPLIST_KEY_UISupportedInterfaceOrientations_iPhone = "UIInterfaceOrientationPortrait UIInterfaceOrientationLandscapeLeft UIInterfaceOrientationLandscapeRight";
				LD_RUNPATH_SEARCH_PATHS = (
					"$(inherited)",
					"@executable_path/Frameworks",
				);
				MARKETING_VERSION = 1.0;
				PRODUCT_BUNDLE_IDENTIFIER = app.Marvel;
				PRODUCT_NAME = "$(TARGET_NAME)";
				SWIFT_EMIT_LOC_STRINGS = YES;
				SWIFT_VERSION = 5.0;
				TARGETED_DEVICE_FAMILY = "1,2";
			};
			name = Release;
		};
/* End XCBuildConfiguration section */

/* Begin XCConfigurationList section */
		D5AD5A352C1476700021C270 /* Build configuration list for PBXProject "Marvel" */ = {
			isa = XCConfigurationList;
			buildConfigurations = (
				D5AD5A4C2C1476740021C270 /* Debug */,
				D5AD5A4D2C1476740021C270 /* Release */,
			);
			defaultConfigurationIsVisible = 0;
			defaultConfigurationName = Release;
		};
		D5AD5A4E2C1476740021C270 /* Build configuration list for PBXNativeTarget "Marvel" */ = {
			isa = XCConfigurationList;
			buildConfigurations = (
				D5AD5A4F2C1476740021C270 /* Debug */,
				D5AD5A502C1476740021C270 /* Release */,
			);
			defaultConfigurationIsVisible = 0;
			defaultConfigurationName = Release;
		};
/* End XCConfigurationList section */
	};
	rootObject = D5AD5A322C1476700021C270 /* Project object */;
}
